{
  "originHash" : "9db2184562b666ae11db6e9ebaa21c3d0f29997d7110ff09aa5478ab1c0132e4",
  "pins" : [
    {
      "identity" : "jevkit",
      "kind" : "remoteSourceControl",
      "location" : "https://github.com/isiomaC/jevkit.git",
      "state" : {
        "revision" : "076e82c41ba31e68d2bfc13f30b9025198b2d2be",
        "version" : "0.1.1"
      }
    }
  ],
  "version" : 3
}
