// !$*UTF8*$!
{
	archiveVersion = 1;
	classes = {};
	objectVersion = 77;
	objects = {

/* Begin PBXBuildFile section */
		A10000000000000000000011 /* ReflexApp.swift in Sources */ = {isa = PBXBuildFile; fileRef = A10000000000000000000001 /* ReflexApp.swift */; };
		A10000000000000000000012 /* ReflexTests.swift in Sources */ = {isa = PBXBuildFile; fileRef = A10000000000000000000002 /* ReflexTests.swift */; };
		A10000000000000000000013 /* AppModel.swift in Sources */ = {isa = PBXBuildFile; fileRef = A10000000000000000000006 /* AppModel.swift */; };
		A10000000000000000000014 /* AppModelTests.swift in Sources */ = {isa = PBXBuildFile; fileRef = A10000000000000000000007 /* AppModelTests.swift */; };
		A10000000000000000000015 /* SampleContext.swift in Sources */ = {isa = PBXBuildFile; fileRef = A1000000000000000000000A /* SampleContext.swift */; };
		A10000000000000000000016 /* MockDecision.swift in Sources */ = {isa = PBXBuildFile; fileRef = A1000000000000000000000B /* MockDecision.swift */; };
		A10000000000000000000017 /* SampleContextProvider.swift in Sources */ = {isa = PBXBuildFile; fileRef = A1000000000000000000000C /* SampleContextProvider.swift */; };
		A10000000000000000000018 /* MockDecisionProvider.swift in Sources */ = {isa = PBXBuildFile; fileRef = A1000000000000000000000D /* MockDecisionProvider.swift */; };
		A10000000000000000000019 /* JevKit in Frameworks */ = {isa = PBXBuildFile; productRef = A10000000000000000000092 /* JevKit */; };
		A1000000000000000000001A /* CredentialStoreTests.swift in Sources */ = {isa = PBXBuildFile; fileRef = A1000000000000000000000E /* CredentialStoreTests.swift */; };
		A1000000000000000000001B /* CredentialStore.swift in Sources */ = {isa = PBXBuildFile; fileRef = A1000000000000000000000F /* CredentialStore.swift */; };
		A1000000000000000000001C /* LensView.swift in Sources */ = {isa = PBXBuildFile; fileRef = A10000000000000000000020 /* LensView.swift */; };
		A1000000000000000000001D /* PhasePlaceholderView.swift in Sources */ = {isa = PBXBuildFile; fileRef = A10000000000000000000023 /* PhasePlaceholderView.swift */; };
		A1000000000000000000001E /* SettingsView.swift in Sources */ = {isa = PBXBuildFile; fileRef = A10000000000000000000024 /* SettingsView.swift */; };
		A20000000000000000000001 /* ContextSnapshot.swift in Sources */ = {isa = PBXBuildFile; fileRef = A20000000000000000000002 /* ContextSnapshot.swift */; };
		A20000000000000000000003 /* ContextSnapshotTests.swift in Sources */ = {isa = PBXBuildFile; fileRef = A20000000000000000000004 /* ContextSnapshotTests.swift */; };
		A20000000000000000000005 /* ContextProviderTests.swift in Sources */ = {isa = PBXBuildFile; fileRef = A20000000000000000000006 /* ContextProviderTests.swift */; };
		A20000000000000000000007 /* ActiveApplicationProvider.swift in Sources */ = {isa = PBXBuildFile; fileRef = A20000000000000000000008 /* ActiveApplicationProvider.swift */; };
		A20000000000000000000009 /* ActiveWindowProvider.swift in Sources */ = {isa = PBXBuildFile; fileRef = A2000000000000000000000A /* ActiveWindowProvider.swift */; };
		A2000000000000000000000B /* ClipboardProvider.swift in Sources */ = {isa = PBXBuildFile; fileRef = A2000000000000000000000C /* ClipboardProvider.swift */; };
		A2000000000000000000000D /* ContextEngine.swift in Sources */ = {isa = PBXBuildFile; fileRef = A2000000000000000000000E /* ContextEngine.swift */; };
		A2000000000000000000000F /* ContextEngineTests.swift in Sources */ = {isa = PBXBuildFile; fileRef = A20000000000000000000010 /* ContextEngineTests.swift */; };
		A30000000000000000000001 /* LiveDecisionProvider.swift in Sources */ = {isa = PBXBuildFile; fileRef = A30000000000000000000002 /* LiveDecisionProvider.swift */; };
		A40000000000000000000001 /* DecisionHistoryStore.swift in Sources */ = {isa = PBXBuildFile; fileRef = A40000000000000000000002 /* DecisionHistoryStore.swift */; };
		A50000000000000000000001 /* ReplayEngine.swift in Sources */ = {isa = PBXBuildFile; fileRef = A50000000000000000000002 /* ReplayEngine.swift */; };
		A50000000000000000000003 /* ReplayEngineTests.swift in Sources */ = {isa = PBXBuildFile; fileRef = A50000000000000000000004 /* ReplayEngineTests.swift */; };
/* End PBXBuildFile section */

/* Begin PBXFileReference section */
		A10000000000000000000001 /* ReflexApp.swift */ = {isa = PBXFileReference; lastKnownFileType = sourcecode.swift; path = App/ReflexApp.swift; sourceTree = "<group>"; };
		A10000000000000000000002 /* ReflexTests.swift */ = {isa = PBXFileReference; lastKnownFileType = sourcecode.swift; path = ReflexTests.swift; sourceTree = "<group>"; };
		A10000000000000000000003 /* Reflex.app */ = {isa = PBXFileReference; explicitFileType = wrapper.application; includeInIndex = 0; path = Reflex.app; sourceTree = BUILT_PRODUCTS_DIR; };
		A10000000000000000000004 /* ReflexTests.xctest */ = {isa = PBXFileReference; explicitFileType = wrapper.cfbundle; includeInIndex = 0; path = ReflexTests.xctest; sourceTree = BUILT_PRODUCTS_DIR; };
		A10000000000000000000005 /* Reflex.entitlements */ = {isa = PBXFileReference; lastKnownFileType = text.plist.entitlements; path = Reflex.entitlements; sourceTree = "<group>"; };
		A10000000000000000000006 /* AppModel.swift */ = {isa = PBXFileReference; lastKnownFileType = sourcecode.swift; path = AppModel.swift; sourceTree = "<group>"; };
		A10000000000000000000007 /* AppModelTests.swift */ = {isa = PBXFileReference; lastKnownFileType = sourcecode.swift; path = AppModelTests.swift; sourceTree = "<group>"; };
		A1000000000000000000000A /* SampleContext.swift */ = {isa = PBXFileReference; lastKnownFileType = sourcecode.swift; path = SampleContext.swift; sourceTree = "<group>"; };
		A1000000000000000000000B /* MockDecision.swift */ = {isa = PBXFileReference; lastKnownFileType = sourcecode.swift; path = MockDecision.swift; sourceTree = "<group>"; };
		A1000000000000000000000C /* SampleContextProvider.swift */ = {isa = PBXFileReference; lastKnownFileType = sourcecode.swift; path = SampleContextProvider.swift; sourceTree = "<group>"; };
		A1000000000000000000000D /* MockDecisionProvider.swift */ = {isa = PBXFileReference; lastKnownFileType = sourcecode.swift; path = MockDecisionProvider.swift; sourceTree = "<group>"; };
		A1000000000000000000000E /* CredentialStoreTests.swift */ = {isa = PBXFileReference; lastKnownFileType = sourcecode.swift; path = CredentialStoreTests.swift; sourceTree = "<group>"; };
		A1000000000000000000000F /* CredentialStore.swift */ = {isa = PBXFileReference; lastKnownFileType = sourcecode.swift; path = CredentialStore.swift; sourceTree = "<group>"; };
		A10000000000000000000020 /* LensView.swift */ = {isa = PBXFileReference; lastKnownFileType = sourcecode.swift; path = Features/Lens/LensView.swift; sourceTree = "<group>"; };
		A10000000000000000000023 /* PhasePlaceholderView.swift */ = {isa = PBXFileReference; lastKnownFileType = sourcecode.swift; path = Features/Placeholder/PhasePlaceholderView.swift; sourceTree = "<group>"; };
		A10000000000000000000024 /* SettingsView.swift */ = {isa = PBXFileReference; lastKnownFileType = sourcecode.swift; path = Features/Settings/SettingsView.swift; sourceTree = "<group>"; };
		A20000000000000000000002 /* ContextSnapshot.swift */ = {isa = PBXFileReference; lastKnownFileType = sourcecode.swift; path = Context/ContextSnapshot.swift; sourceTree = "<group>"; };
		A20000000000000000000004 /* ContextSnapshotTests.swift */ = {isa = PBXFileReference; lastKnownFileType = sourcecode.swift; path = ContextSnapshotTests.swift; sourceTree = "<group>"; };
		A20000000000000000000006 /* ContextProviderTests.swift */ = {isa = PBXFileReference; lastKnownFileType = sourcecode.swift; path = ContextProviderTests.swift; sourceTree = "<group>"; };
		A20000000000000000000008 /* ActiveApplicationProvider.swift */ = {isa = PBXFileReference; lastKnownFileType = sourcecode.swift; path = Context/ActiveApplicationProvider.swift; sourceTree = "<group>"; };
		A2000000000000000000000A /* ActiveWindowProvider.swift */ = {isa = PBXFileReference; lastKnownFileType = sourcecode.swift; path = Context/ActiveWindowProvider.swift; sourceTree = "<group>"; };
		A2000000000000000000000C /* ClipboardProvider.swift */ = {isa = PBXFileReference; lastKnownFileType = sourcecode.swift; path = Context/ClipboardProvider.swift; sourceTree = "<group>"; };
		A2000000000000000000000E /* ContextEngine.swift */ = {isa = PBXFileReference; lastKnownFileType = sourcecode.swift; path = Context/ContextEngine.swift; sourceTree = "<group>"; };
		A20000000000000000000010 /* ContextEngineTests.swift */ = {isa = PBXFileReference; lastKnownFileType = sourcecode.swift; path = ContextEngineTests.swift; sourceTree = "<group>"; };
		A30000000000000000000002 /* LiveDecisionProvider.swift */ = {isa = PBXFileReference; lastKnownFileType = sourcecode.swift; path = LiveDecisionProvider.swift; sourceTree = "<group>"; };
		A40000000000000000000002 /* DecisionHistoryStore.swift */ = {isa = PBXFileReference; lastKnownFileType = sourcecode.swift; path = Inspector/DecisionHistoryStore.swift; sourceTree = "<group>"; };
		A50000000000000000000002 /* ReplayEngine.swift */ = {isa = PBXFileReference; lastKnownFileType = sourcecode.swift; path = Inspector/ReplayEngine.swift; sourceTree = "<group>"; };
		A50000000000000000000004 /* ReplayEngineTests.swift */ = {isa = PBXFileReference; lastKnownFileType = sourcecode.swift; path = ReplayEngineTests.swift; sourceTree = "<group>"; };
/* End PBXFileReference section */

/* Begin PBXFrameworksBuildPhase section */
		A10000000000000000000021 /* Frameworks */ = {isa = PBXFrameworksBuildPhase; buildActionMask = 2147483647; files = (A10000000000000000000019 /* JevKit in Frameworks */); runOnlyForDeploymentPostprocessing = 0; };
		A10000000000000000000022 /* Frameworks */ = {isa = PBXFrameworksBuildPhase; buildActionMask = 2147483647; files = (); runOnlyForDeploymentPostprocessing = 0; };
/* End PBXFrameworksBuildPhase section */

/* Begin PBXGroup section */
		A10000000000000000000031 = {
			isa = PBXGroup;
			children = (
				A10000000000000000000032 /* Reflex */,
				A10000000000000000000033 /* ReflexTests */,
				A10000000000000000000034 /* Products */,
			);
			sourceTree = "<group>";
		};
		A10000000000000000000032 /* Reflex */ = {
			isa = PBXGroup;
			children = (A10000000000000000000001 /* ReflexApp.swift */, A10000000000000000000006 /* AppModel.swift */, A10000000000000000000035 /* Domain */, A10000000000000000000036 /* Services */, A40000000000000000000002 /* DecisionHistoryStore.swift */, A50000000000000000000002 /* ReplayEngine.swift */, A20000000000000000000002 /* ContextSnapshot.swift */, A20000000000000000000008 /* ActiveApplicationProvider.swift */, A2000000000000000000000A /* ActiveWindowProvider.swift */, A2000000000000000000000C /* ClipboardProvider.swift */, A2000000000000000000000E /* ContextEngine.swift */, A10000000000000000000020 /* LensView.swift */, A10000000000000000000023 /* PhasePlaceholderView.swift */, A10000000000000000000024 /* SettingsView.swift */, A10000000000000000000005 /* Reflex.entitlements */);
			path = Reflex;
			sourceTree = "<group>";
		};
		A10000000000000000000035 /* Domain */ = {
			isa = PBXGroup;
			children = (A1000000000000000000000A /* SampleContext.swift */, A1000000000000000000000B /* MockDecision.swift */);
			path = Domain;
			sourceTree = "<group>";
		};
		A10000000000000000000036 /* Services */ = {
			isa = PBXGroup;
			children = (A1000000000000000000000C /* SampleContextProvider.swift */, A1000000000000000000000D /* MockDecisionProvider.swift */, A1000000000000000000000F /* CredentialStore.swift */, A30000000000000000000002 /* LiveDecisionProvider.swift */);
			path = Services;
			sourceTree = "<group>";
		};
		A10000000000000000000033 /* ReflexTests */ = {
			isa = PBXGroup;
			children = (A10000000000000000000002 /* ReflexTests.swift */, A10000000000000000000007 /* AppModelTests.swift */, A1000000000000000000000E /* CredentialStoreTests.swift */, A20000000000000000000004 /* ContextSnapshotTests.swift */, A20000000000000000000006 /* ContextProviderTests.swift */, A20000000000000000000010 /* ContextEngineTests.swift */, A50000000000000000000004 /* ReplayEngineTests.swift */);
			path = ReflexTests;
			sourceTree = "<group>";
		};
		A10000000000000000000034 /* Products */ = {
			isa = PBXGroup;
			children = (A10000000000000000000003 /* Reflex.app */, A10000000000000000000004 /* ReflexTests.xctest */);
			name = Products;
			sourceTree = "<group>";
		};
/* End PBXGroup section */

/* Begin PBXNativeTarget section */
		A10000000000000000000041 /* Reflex */ = {
			isa = PBXNativeTarget;
			buildConfigurationList = A10000000000000000000061 /* Build configuration list for PBXNativeTarget \"Reflex\" */;
			buildPhases = (A10000000000000000000071 /* Sources */, A10000000000000000000021 /* Frameworks */, A10000000000000000000072 /* Resources */);
			buildRules = ();
			dependencies = ();
			name = Reflex;
			packageProductDependencies = (A10000000000000000000092 /* JevKit */);
			productName = Reflex;
			productReference = A10000000000000000000003 /* Reflex.app */;
			productType = "com.apple.product-type.application";
		};
		A10000000000000000000042 /* ReflexTests */ = {
			isa = PBXNativeTarget;
			buildConfigurationList = A10000000000000000000062 /* Build configuration list for PBXNativeTarget \"ReflexTests\" */;
			buildPhases = (A10000000000000000000073 /* Sources */, A10000000000000000000022 /* Frameworks */, A10000000000000000000074 /* Resources */);
			buildRules = ();
			dependencies = (A10000000000000000000081 /* PBXTargetDependency */);
			name = ReflexTests;
			productName = ReflexTests;
			productReference = A10000000000000000000004 /* ReflexTests.xctest */;
			productType = "com.apple.product-type.bundle.unit-test";
		};
/* End PBXNativeTarget section */

/* Begin PBXProject section */
		A10000000000000000000051 /* Project object */ = {
			isa = PBXProject;
			attributes = { BuildIndependentTargetsInParallel = 1; LastSwiftUpdateCheck = 2610; LastUpgradeCheck = 2610; TargetAttributes = { A10000000000000000000041 = { CreatedOnToolsVersion = 26.1; }; A10000000000000000000042 = { CreatedOnToolsVersion = 26.1; TestTargetID = A10000000000000000000041; }; }; };
			buildConfigurationList = A10000000000000000000063 /* Build configuration list for PBXProject \"Reflex\" */;
			compatibilityVersion = "Xcode 16.0";
			developmentRegion = en;
			hasScannedForEncodings = 0;
			knownRegions = (en, Base);
			mainGroup = A10000000000000000000031;
			minimizedProjectReferenceProxies = 1;
			packageReferences = (A10000000000000000000091 /* XCRemoteSwiftPackageReference \"jevkit\" */);
			preferredProjectObjectVersion = 77;
			productRefGroup = A10000000000000000000034 /* Products */;
			projectDirPath = "";
			projectRoot = "";
			targets = (A10000000000000000000041 /* Reflex */, A10000000000000000000042 /* ReflexTests */);
		};
/* End PBXProject section */

/* Begin PBXResourcesBuildPhase section */
		A10000000000000000000072 /* Resources */ = {isa = PBXResourcesBuildPhase; buildActionMask = 2147483647; files = (); runOnlyForDeploymentPostprocessing = 0; };
		A10000000000000000000074 /* Resources */ = {isa = PBXResourcesBuildPhase; buildActionMask = 2147483647; files = (); runOnlyForDeploymentPostprocessing = 0; };
/* End PBXResourcesBuildPhase section */

/* Begin PBXSourcesBuildPhase section */
		A10000000000000000000071 /* Sources */ = {isa = PBXSourcesBuildPhase; buildActionMask = 2147483647; files = (A10000000000000000000011 /* ReflexApp.swift in Sources */, A10000000000000000000013 /* AppModel.swift in Sources */, A10000000000000000000015 /* SampleContext.swift in Sources */, A10000000000000000000016 /* MockDecision.swift in Sources */, A10000000000000000000017 /* SampleContextProvider.swift in Sources */, A10000000000000000000018 /* MockDecisionProvider.swift in Sources */, A1000000000000000000001B /* CredentialStore.swift in Sources */, A30000000000000000000001 /* LiveDecisionProvider.swift in Sources */, A40000000000000000000001 /* DecisionHistoryStore.swift in Sources */, A50000000000000000000001 /* ReplayEngine.swift in Sources */, A1000000000000000000001C /* LensView.swift in Sources */, A1000000000000000000001D /* PhasePlaceholderView.swift in Sources */, A1000000000000000000001E /* SettingsView.swift in Sources */, A20000000000000000000001 /* ContextSnapshot.swift in Sources */, A20000000000000000000007 /* ActiveApplicationProvider.swift in Sources */, A20000000000000000000009 /* ActiveWindowProvider.swift in Sources */, A2000000000000000000000B /* ClipboardProvider.swift in Sources */, A2000000000000000000000D /* ContextEngine.swift in Sources */); runOnlyForDeploymentPostprocessing = 0; };
		A10000000000000000000073 /* Sources */ = {isa = PBXSourcesBuildPhase; buildActionMask = 2147483647; files = (A10000000000000000000012 /* ReflexTests.swift in Sources */, A10000000000000000000014 /* AppModelTests.swift in Sources */, A1000000000000000000001A /* CredentialStoreTests.swift in Sources */, A20000000000000000000003 /* ContextSnapshotTests.swift in Sources */, A20000000000000000000005 /* ContextProviderTests.swift in Sources */, A2000000000000000000000F /* ContextEngineTests.swift in Sources */, A50000000000000000000003 /* ReplayEngineTests.swift in Sources */); runOnlyForDeploymentPostprocessing = 0; };
/* End PBXSourcesBuildPhase section */

/* Begin PBXTargetDependency section */
		A10000000000000000000081 /* PBXTargetDependency */ = {isa = PBXTargetDependency; target = A10000000000000000000041 /* Reflex */; targetProxy = A10000000000000000000082 /* PBXContainerItemProxy */; };
/* End PBXTargetDependency section */

/* Begin PBXContainerItemProxy section */
		A10000000000000000000082 /* PBXContainerItemProxy */ = {isa = PBXContainerItemProxy; containerPortal = A10000000000000000000051 /* Project object */; proxyType = 1; remoteGlobalIDString = A10000000000000000000041; remoteInfo = Reflex; };
/* End PBXContainerItemProxy section */

/* Begin XCBuildConfiguration section */
		A10000000000000000000101 /* Debug */ = {isa = XCBuildConfiguration; buildSettings = { CLANG_ENABLE_MODULES = YES; CODE_SIGN_STYLE = Automatic; DEVELOPMENT_TEAM = ""; ENABLE_HARDENED_RUNTIME = YES; MACOSX_DEPLOYMENT_TARGET = 14.0; SDKROOT = macosx; SWIFT_VERSION = 6.0; }; name = Debug; };
		A10000000000000000000102 /* Release */ = {isa = XCBuildConfiguration; buildSettings = { CLANG_ENABLE_MODULES = YES; CODE_SIGN_STYLE = Automatic; DEVELOPMENT_TEAM = ""; ENABLE_HARDENED_RUNTIME = YES; MACOSX_DEPLOYMENT_TARGET = 14.0; SDKROOT = macosx; SWIFT_COMPILATION_MODE = wholemodule; SWIFT_VERSION = 6.0; }; name = Release; };
		A10000000000000000000103 /* Debug */ = {isa = XCBuildConfiguration; buildSettings = { CODE_SIGN_ENTITLEMENTS = Reflex/Reflex.entitlements; CODE_SIGNING_ALLOWED = NO; CODE_SIGN_STYLE = Automatic; COMBINE_HIDPI_IMAGES = YES; CURRENT_PROJECT_VERSION = 1; ENABLE_TESTABILITY = YES; GENERATE_INFOPLIST_FILE = YES; INFOPLIST_KEY_LSApplicationCategoryType = "public.app-category.productivity"; LD_RUNPATH_SEARCH_PATHS = "$(inherited) @executable_path/../Frameworks"; MARKETING_VERSION = 0.1.0; PRODUCT_BUNDLE_IDENTIFIER = com.isiomac.Reflex; PRODUCT_NAME = "$(TARGET_NAME)"; SWIFT_EMIT_LOC_STRINGS = YES; SWIFT_VERSION = 6.0; }; name = Debug; };
		A10000000000000000000104 /* Release */ = {isa = XCBuildConfiguration; buildSettings = { CODE_SIGN_ENTITLEMENTS = Reflex/Reflex.entitlements; CODE_SIGN_STYLE = Automatic; COMBINE_HIDPI_IMAGES = YES; CURRENT_PROJECT_VERSION = 1; GENERATE_INFOPLIST_FILE = YES; INFOPLIST_KEY_LSApplicationCategoryType = "public.app-category.productivity"; LD_RUNPATH_SEARCH_PATHS = "$(inherited) @executable_path/../Frameworks"; MARKETING_VERSION = 0.1.0; PRODUCT_BUNDLE_IDENTIFIER = com.isiomac.Reflex; PRODUCT_NAME = "$(TARGET_NAME)"; SWIFT_EMIT_LOC_STRINGS = YES; SWIFT_VERSION = 6.0; }; name = Release; };
		A10000000000000000000105 /* Debug */ = {isa = XCBuildConfiguration; buildSettings = { BUNDLE_LOADER = "$(TEST_HOST)"; CODE_SIGNING_ALLOWED = NO; GENERATE_INFOPLIST_FILE = YES; PRODUCT_BUNDLE_IDENTIFIER = com.isiomac.ReflexTests; PRODUCT_NAME = "$(TARGET_NAME)"; SWIFT_VERSION = 6.0; TEST_HOST = "$(BUILT_PRODUCTS_DIR)/Reflex.app/$(BUNDLE_EXECUTABLE_FOLDER_PATH)/Reflex"; }; name = Debug; };
		A10000000000000000000106 /* Release */ = {isa = XCBuildConfiguration; buildSettings = { BUNDLE_LOADER = "$(TEST_HOST)"; GENERATE_INFOPLIST_FILE = YES; PRODUCT_BUNDLE_IDENTIFIER = com.isiomac.ReflexTests; PRODUCT_NAME = "$(TARGET_NAME)"; SWIFT_VERSION = 6.0; TEST_HOST = "$(BUILT_PRODUCTS_DIR)/Reflex.app/$(BUNDLE_EXECUTABLE_FOLDER_PATH)/Reflex"; }; name = Release; };
/* End XCBuildConfiguration section */

/* Begin XCConfigurationList section */
		A10000000000000000000061 /* Build configuration list for PBXNativeTarget \"Reflex\" */ = {isa = XCConfigurationList; buildConfigurations = (A10000000000000000000103 /* Debug */, A10000000000000000000104 /* Release */); defaultConfigurationIsVisible = 0; defaultConfigurationName = Release; };
		A10000000000000000000062 /* Build configuration list for PBXNativeTarget \"ReflexTests\" */ = {isa = XCConfigurationList; buildConfigurations = (A10000000000000000000105 /* Debug */, A10000000000000000000106 /* Release */); defaultConfigurationIsVisible = 0; defaultConfigurationName = Release; };
		A10000000000000000000063 /* Build configuration list for PBXProject \"Reflex\" */ = {isa = XCConfigurationList; buildConfigurations = (A10000000000000000000101 /* Debug */, A10000000000000000000102 /* Release */); defaultConfigurationIsVisible = 0; defaultConfigurationName = Release; };
/* End XCConfigurationList section */

/* Begin XCRemoteSwiftPackageReference section */
		A10000000000000000000091 /* XCRemoteSwiftPackageReference \"jevkit\" */ = {isa = XCRemoteSwiftPackageReference; repositoryURL = "https://github.com/isiomaC/jevkit.git"; requirement = { kind = upToNextMajorVersion; minimumVersion = 0.1.1; }; };
/* End XCRemoteSwiftPackageReference section */

/* Begin XCSwiftPackageProductDependency section */
		A10000000000000000000092 /* JevKit */ = {isa = XCSwiftPackageProductDependency; package = A10000000000000000000091 /* XCRemoteSwiftPackageReference \"jevkit\" */; productName = JevKit; };
/* End XCSwiftPackageProductDependency section */
	};
	rootObject = A10000000000000000000051 /* Project object */;
}
